
Microsoft Visual Studio Solution File, Format Version 12.00
# Visual Studio Version 16
VisualStudioVersion = 16.0.30204.135
MinimumVisualStudioVersion = 10.0.40219.1
Project("{FAE04EC0-301F-11D3-BF4B-00C04F79EFBC}") = "Web API", "Web API\Web API.csproj", "{2ABC3948-3152-4479-B3CF-4929557763EF}"
EndProject
Global
	GlobalSection(SolutionConfigurationPlatforms) = preSolution
		Debug|Any CPU = Debug|Any CPU
		Release|Any CPU = Release|Any CPU
	EndGlobalSection
	GlobalSection(ProjectConfigurationPlatforms) = postSolution
		{2ABC3948-3152-4479-B3CF-4929557763EF}.Debug|Any CPU.ActiveCfg = Debug|Any CPU
		{2ABC3948-3152-4479-B3CF-4929557763EF}.Debug|Any CPU.Build.0 = Debug|Any CPU
		{2ABC3948-3152-4479-B3CF-4929557763EF}.Release|Any CPU.ActiveCfg = Release|Any CPU
		{2ABC3948-3152-4479-B3CF-4929557763EF}.Release|Any CPU.Build.0 = Release|Any CPU
	EndGlobalSection
	GlobalSection(SolutionProperties) = preSolution
		HideSolutionNode = FALSE
	EndGlobalSection
	GlobalSection(ExtensibilityGlobals) = postSolution
		SolutionGuid = {A2D0967C-76E3-4930-84BF-F3E23D13A335}
	EndGlobalSection
EndGlobal
